{
  "requires": true,
  "lockfileVersion": 1,
  "dependencies": {
    "fnon": {
      "version": "1.0.8",
      "resolved": "https://registry.npmjs.org/fnon/-/fnon-1.0.8.tgz",
      "integrity": "sha512-ysAd4pzqcbRXH+vs/hfgE/aHhQ9CzBsaCm5PWXPKwFBxGMuVNsy91v8qj3V6KbBXZ67voBOjyJQGfAI+eSm1ZQ=="
    }
  }
}
